{
  "name": "rules-tab",
  "version": "0.1.0",
  "lockfileVersion": 3,
  "requires": true,
  "packages": {
    "": {
      "name": "rules-tab",
      "version": "0.1.0",
      "dependencies": {
        "@owncast/plugin-sdk": "file:../../../sdks/js",
        "marked": "^17.0.1",
        "mustache": "^4.2.0"
      }
    },
    "../../../sdks/js": {
      "name": "@owncast/plugin-sdk",
      "version": "0.10.1",
      "hasInstallScript": true,
      "license": "MIT",
      "dependencies": {
        "esbuild": "^0.24.0",
        "jszip": "^3.10.1"
      },
      "bin": {
        "owncast-plugin": "bin/owncast-plugin.js"
      },
      "engines": {
        "node": ">=18"
      }
    },
    "../sdks/js": {
      "name": "@owncast/plugin-sdk",
      "version": "0.10.1",
      "extraneous": true,
      "hasInstallScript": true,
      "license": "MIT",
      "dependencies": {
        "esbuild": "^0.24.0",
        "jszip": "^3.10.1"
      },
      "bin": {
        "owncast-plugin": "bin/owncast-plugin.js"
      },
      "engines": {
        "node": ">=18"
      }
    },
    "node_modules/@owncast/plugin-sdk": {
      "resolved": "../../../sdks/js",
      "link": true
    },
    "node_modules/marked": {
      "version": "17.0.1",
      "resolved": "https://registry.npmjs.org/marked/-/marked-17.0.1.tgz",
      "integrity": "sha512-boeBdiS0ghpWcSwoNm/jJBwdpFaMnZWRzjA6SkUMYb40SVaN1x7mmfGKp0jvexGcx+7y2La5zRZsYFZI6Qpypg==",
      "license": "MIT",
      "bin": {
        "marked": "bin/marked.js"
      },
      "engines": {
        "node": ">= 20"
      }
    },
    "node_modules/mustache": {
      "version": "4.2.0",
      "resolved": "https://registry.npmjs.org/mustache/-/mustache-4.2.0.tgz",
      "integrity": "sha512-71ippSywq5Yb7/tVYyGbkBggbU8H3u5Rz56fH60jGFgr8uHwxs+aSKeqmluIVzM0m0kB7xQjKS6qPfd0b2ZoqQ==",
      "license": "MIT",
      "bin": {
        "mustache": "bin/mustache"
      }
    }
  }
}
