{
  "name": "buggy-filter",
  "version": "0.1.0",
  "lockfileVersion": 3,
  "requires": true,
  "packages": {
    "": {
      "name": "buggy-filter",
      "version": "0.1.0",
      "dependencies": {
        "@owncast/plugin-sdk": "file:../../../sdks/js"
      }
    },
    "../../../sdks/js": {
      "name": "@owncast/plugin-sdk",
      "version": "0.1.0",
      "hasInstallScript": true,
      "dependencies": {
        "esbuild": "^0.24.0",
        "jszip": "^3.10.1"
      },
      "bin": {
        "owncast-plugin": "bin/owncast-plugin.js"
      }
    },
    "../../sdk": {
      "name": "@owncast/plugin-sdk",
      "version": "0.1.0",
      "extraneous": true,
      "hasInstallScript": true,
      "dependencies": {
        "esbuild": "^0.24.0"
      },
      "bin": {
        "owncast-plugin": "bin/owncast-plugin.js"
      }
    },
    "../../sdks/js": {
      "name": "@owncast/plugin-sdk",
      "version": "0.1.0",
      "extraneous": true,
      "hasInstallScript": true,
      "dependencies": {
        "esbuild": "^0.24.0",
        "jszip": "^3.10.1"
      },
      "bin": {
        "owncast-plugin": "bin/owncast-plugin.js"
      }
    },
    "node_modules/@owncast/plugin-sdk": {
      "resolved": "../../../sdks/js",
      "link": true
    }
  }
}
